PODS:
  - PagingMenuController (2.2.0)

DEPENDENCIES:
  - PagingMenuController (from `../`)

EXTERNAL SOURCES:
  PagingMenuController:
    :path: "../"

SPEC CHECKSUMS:
  PagingMenuController: acdb8e0ff7f977182b0586656d19ba1d992390a6

PODFILE CHECKSUM: 0117e6a357710128fb66fe345af17a4c41dc6864

COCOAPODS: 1.7.1
